
Microsoft Visual Studio Solution File, Format Version 12.00
# Visual Studio Version 17
VisualStudioVersion = 17.7.34031.279
MinimumVisualStudioVersion = 10.0.40219.1
Project("{FAE04EC0-301F-11D3-BF4B-00C04F79EFBC}") = "NoteApp", "NoteApp.csproj", "{EF7552DC-B82F-492B-A7F6-FB1E574D841D}"
EndProject
Global
	GlobalSection(SolutionConfigurationPlatforms) = preSolution
		Debug|Any CPU = Debug|Any CPU
		Release|Any CPU = Release|Any CPU
	EndGlobalSection
	GlobalSection(ProjectConfigurationPlatforms) = postSolution
		{EF7552DC-B82F-492B-A7F6-FB1E574D841D}.Debug|Any CPU.ActiveCfg = Debug|Any CPU
		{EF7552DC-B82F-492B-A7F6-FB1E574D841D}.Debug|Any CPU.Build.0 = Debug|Any CPU
		{EF7552DC-B82F-492B-A7F6-FB1E574D841D}.Release|Any CPU.ActiveCfg = Release|Any CPU
		{EF7552DC-B82F-492B-A7F6-FB1E574D841D}.Release|Any CPU.Build.0 = Release|Any CPU
	EndGlobalSection
	GlobalSection(SolutionProperties) = preSolution
		HideSolutionNode = FALSE
	EndGlobalSection
	GlobalSection(ExtensibilityGlobals) = postSolution
		SolutionGuid = {02DAF7D6-9F5B-4D68-8545-70503E1B5841}
	EndGlobalSection
EndGlobal
